
Microsoft Visual Studio Solution File, Format Version 12.00
# Visual Studio Version 17
VisualStudioVersion = 17.10.35027.167
MinimumVisualStudioVersion = 10.0.40219.1
Project("{FAE04EC0-301F-11D3-BF4B-00C04F79EFBC}") = "DPM235445_NguyenThanhLuan_FactoryPattern", "DPM235445_NguyenThanhLuan_FactoryPattern\DPM235445_NguyenThanhLuan_FactoryPattern.csproj", "{6D510476-3D86-4CC3-A6C6-C814F5A1AD8D}"
EndProject
Project("{FAE04EC0-301F-11D3-BF4B-00C04F79EFBC}") = "DPM235445_NguyenThanhLuan_RealFactoryPattern_Nhanvienbanhang", "DPM235445_NguyenThanhLuan_RealFactoryPattern_Nhanvienbanhang\DPM235445_NguyenThanhLuan_RealFactoryPattern_Nhanvienbanhang.csproj", "{ED9B6620-260B-410A-8F34-75EAAB2DCBAE}"
EndProject
Project("{FAE04EC0-301F-11D3-BF4B-00C04F79EFBC}") = "DPM235445_NguyenThanhLuan_AbstractFactory", "DPM235445_NguyenThanhLuan_AbstractFactory\DPM235445_NguyenThanhLuan_AbstractFactory.csproj", "{3A8C61E1-6931-4F58-AC54-EA0D2D970E9B}"
EndProject
Project("{FAE04EC0-301F-11D3-BF4B-00C04F79EFBC}") = "DPM235445_NguyenThanhLuan_Builder", "DPM235445_NguyenThanhLuan_Builder\DPM235445_NguyenThanhLuan_Builder.csproj", "{B1211681-C22E-4FD8-AFDC-2B1EC57B33F1}"
EndProject
Project("{FAE04EC0-301F-11D3-BF4B-00C04F79EFBC}") = "DPM235445_NguyenThanhLuan_Prototype", "DPM235445_NguyenThanhLuan_Prototype\DPM235445_NguyenThanhLuan_Prototype.csproj", "{E184D5E7-44FB-41EC-9B57-E98DFA3E770D}"
EndProject
Project("{FAE04EC0-301F-11D3-BF4B-00C04F79EFBC}") = "DPM235445_NguyenThanhLuan_Singleton", "DPM235445_NguyenThanhLuan_Singleton\DPM235445_NguyenThanhLuan_Singleton.csproj", "{225A813F-B90F-4FB2-9542-3E77EF989B66}"
EndProject
Project("{FAE04EC0-301F-11D3-BF4B-00C04F79EFBC}") = "DPM235445_NguyenThanhLuan_Adapter", "DPM235445_NguyenThanhLuan_Adapter\DPM235445_NguyenThanhLuan_Adapter.csproj", "{65543B36-BB25-4F90-A344-A5568469CE5A}"
EndProject
Project("{FAE04EC0-301F-11D3-BF4B-00C04F79EFBC}") = "DPM235445_NguyenThanhLuan_Bridge", "DPM235445_NguyenThanhLuan_Bridge\DPM235445_NguyenThanhLuan_Bridge.csproj", "{19C4FFFD-204E-4D7A-AD67-A1222E009FD8}"
EndProject
Global
	GlobalSection(SolutionConfigurationPlatforms) = preSolution
		Debug|Any CPU = Debug|Any CPU
		Release|Any CPU = Release|Any CPU
	EndGlobalSection
	GlobalSection(ProjectConfigurationPlatforms) = postSolution
		{6D510476-3D86-4CC3-A6C6-C814F5A1AD8D}.Debug|Any CPU.ActiveCfg = Debug|Any CPU
		{6D510476-3D86-4CC3-A6C6-C814F5A1AD8D}.Debug|Any CPU.Build.0 = Debug|Any CPU
		{6D510476-3D86-4CC3-A6C6-C814F5A1AD8D}.Release|Any CPU.ActiveCfg = Release|Any CPU
		{6D510476-3D86-4CC3-A6C6-C814F5A1AD8D}.Release|Any CPU.Build.0 = Release|Any CPU
		{ED9B6620-260B-410A-8F34-75EAAB2DCBAE}.Debug|Any CPU.ActiveCfg = Debug|Any CPU
		{ED9B6620-260B-410A-8F34-75EAAB2DCBAE}.Debug|Any CPU.Build.0 = Debug|Any CPU
		{ED9B6620-260B-410A-8F34-75EAAB2DCBAE}.Release|Any CPU.ActiveCfg = Release|Any CPU
		{ED9B6620-260B-410A-8F34-75EAAB2DCBAE}.Release|Any CPU.Build.0 = Release|Any CPU
		{3A8C61E1-6931-4F58-AC54-EA0D2D970E9B}.Debug|Any CPU.ActiveCfg = Debug|Any CPU
		{3A8C61E1-6931-4F58-AC54-EA0D2D970E9B}.Debug|Any CPU.Build.0 = Debug|Any CPU
		{3A8C61E1-6931-4F58-AC54-EA0D2D970E9B}.Release|Any CPU.ActiveCfg = Release|Any CPU
		{3A8C61E1-6931-4F58-AC54-EA0D2D970E9B}.Release|Any CPU.Build.0 = Release|Any CPU
		{B1211681-C22E-4FD8-AFDC-2B1EC57B33F1}.Debug|Any CPU.ActiveCfg = Debug|Any CPU
		{B1211681-C22E-4FD8-AFDC-2B1EC57B33F1}.Debug|Any CPU.Build.0 = Debug|Any CPU
		{B1211681-C22E-4FD8-AFDC-2B1EC57B33F1}.Release|Any CPU.ActiveCfg = Release|Any CPU
		{B1211681-C22E-4FD8-AFDC-2B1EC57B33F1}.Release|Any CPU.Build.0 = Release|Any CPU
		{E184D5E7-44FB-41EC-9B57-E98DFA3E770D}.Debug|Any CPU.ActiveCfg = Debug|Any CPU
		{E184D5E7-44FB-41EC-9B57-E98DFA3E770D}.Debug|Any CPU.Build.0 = Debug|Any CPU
		{E184D5E7-44FB-41EC-9B57-E98DFA3E770D}.Release|Any CPU.ActiveCfg = Release|Any CPU
		{E184D5E7-44FB-41EC-9B57-E98DFA3E770D}.Release|Any CPU.Build.0 = Release|Any CPU
		{225A813F-B90F-4FB2-9542-3E77EF989B66}.Debug|Any CPU.ActiveCfg = Debug|Any CPU
		{225A813F-B90F-4FB2-9542-3E77EF989B66}.Debug|Any CPU.Build.0 = Debug|Any CPU
		{225A813F-B90F-4FB2-9542-3E77EF989B66}.Release|Any CPU.ActiveCfg = Release|Any CPU
		{225A813F-B90F-4FB2-9542-3E77EF989B66}.Release|Any CPU.Build.0 = Release|Any CPU
		{65543B36-BB25-4F90-A344-A5568469CE5A}.Debug|Any CPU.ActiveCfg = Debug|Any CPU
		{65543B36-BB25-4F90-A344-A5568469CE5A}.Debug|Any CPU.Build.0 = Debug|Any CPU
		{65543B36-BB25-4F90-A344-A5568469CE5A}.Release|Any CPU.ActiveCfg = Release|Any CPU
		{65543B36-BB25-4F90-A344-A5568469CE5A}.Release|Any CPU.Build.0 = Release|Any CPU
		{19C4FFFD-204E-4D7A-AD67-A1222E009FD8}.Debug|Any CPU.ActiveCfg = Debug|Any CPU
		{19C4FFFD-204E-4D7A-AD67-A1222E009FD8}.Debug|Any CPU.Build.0 = Debug|Any CPU
		{19C4FFFD-204E-4D7A-AD67-A1222E009FD8}.Release|Any CPU.ActiveCfg = Release|Any CPU
		{19C4FFFD-204E-4D7A-AD67-A1222E009FD8}.Release|Any CPU.Build.0 = Release|Any CPU
	EndGlobalSection
	GlobalSection(SolutionProperties) = preSolution
		HideSolutionNode = FALSE
	EndGlobalSection
	GlobalSection(ExtensibilityGlobals) = postSolution
		SolutionGuid = {6F94E7CD-D51D-4710-85FF-00111C0F8BE3}
	EndGlobalSection
EndGlobal
